
Microsoft Visual Studio Solution File, Format Version 12.00
# Visual Studio 2015
Project("{FAE04EC0-301F-11D3-BF4B-00C04F79EFBC}") = "ToJam13.CSharp", "ToJam13.CSharp.csproj", "{0145A5BF-224C-1CBC-D4CE-344F3E8CD71B}"
EndProject
Global
	GlobalSection(SolutionConfigurationPlatforms) = preSolution
		Debug|Any CPU = Debug|Any CPU
		Release|Any CPU = Release|Any CPU
	EndGlobalSection
	GlobalSection(ProjectConfigurationPlatforms) = postSolution
		{0145A5BF-224C-1CBC-D4CE-344F3E8CD71B}.Debug|Any CPU.ActiveCfg = Debug|Any CPU
		{0145A5BF-224C-1CBC-D4CE-344F3E8CD71B}.Debug|Any CPU.Build.0 = Debug|Any CPU
		{0145A5BF-224C-1CBC-D4CE-344F3E8CD71B}.Release|Any CPU.ActiveCfg = Release|Any CPU
		{0145A5BF-224C-1CBC-D4CE-344F3E8CD71B}.Release|Any CPU.Build.0 = Release|Any CPU
	EndGlobalSection
	GlobalSection(SolutionProperties) = preSolution
		HideSolutionNode = FALSE
	EndGlobalSection
EndGlobal
